# THIS IS AN AUTOGENERATED FILE. DO NOT EDIT THIS FILE DIRECTLY.
# yarn lockfile v1


bootswatch@^5.1.0:
  version "5.1.0"
  resolved "https://registry.yarnpkg.com/bootswatch/-/bootswatch-5.1.0.tgz#a9c521226aef55bba96b2854ef6fe39737b24f1a"
  integrity sha512-HwQjahQSq0u+ydqY0fFyl/GsJIHhBvzjBA8D2XvMvIrHdqYfL1LdD5bnnaEDoJugMCYGud9PQSgq/XkuyFFPMg==
